Microsoft Visual Studio Solution File, Format Version 12.00
# Visual Studio Version 17
VisualStudioVersion = 17.5.2.0
MinimumVisualStudioVersion = 10.0.40219.1
Project("{FAE04EC0-301F-11D3-BF4B-00C04F79EFBC}") = "MitsubishiMonitor.Demo", "MitsubishiMonitor.Demo.csproj", "{40C20A59-28AE-F549-6EBF-56C881800853}"
EndProject
Global
	GlobalSection(SolutionConfigurationPlatforms) = preSolution
		Debug|Any CPU = Debug|Any CPU
		Release|Any CPU = Release|Any CPU
	EndGlobalSection
	GlobalSection(ProjectConfigurationPlatforms) = postSolution
		{40C20A59-28AE-F549-6EBF-56C881800853}.Debug|Any CPU.ActiveCfg = Debug|Any CPU
		{40C20A59-28AE-F549-6EBF-56C881800853}.Debug|Any CPU.Build.0 = Debug|Any CPU
		{40C20A59-28AE-F549-6EBF-56C881800853}.Release|Any CPU.ActiveCfg = Release|Any CPU
		{40C20A59-28AE-F549-6EBF-56C881800853}.Release|Any CPU.Build.0 = Release|Any CPU
	EndGlobalSection
	GlobalSection(SolutionProperties) = preSolution
		HideSolutionNode = FALSE
	EndGlobalSection
	GlobalSection(ExtensibilityGlobals) = postSolution
		SolutionGuid = {B49009D0-8846-43B2-B507-F04EB7817930}
	EndGlobalSection
EndGlobal
